
Microsoft Visual Studio Solution File, Format Version 12.00
# Visual Studio Version 16
VisualStudioVersion = 16.0.32802.440
MinimumVisualStudioVersion = 10.0.40219.1
Project("{9A19103F-16F7-4668-BE54-9A1E7A4F7556}") = "SignalRExample", "Server\SignalRExample.csproj", "{78A09C55-19C8-4B5E-A369-346E42212E8A}"
EndProject
Project("{E24C65DC-7377-472B-9ABA-BC803B73C61A}") = "Client", "Client\", "{62F5E8AA-EC5B-4963-A442-C8699D05C941}"
	ProjectSection(WebsiteProperties) = preProject
		TargetFrameworkMoniker = ".NETFramework,Version%3Dv4.0"
		Debug.AspNetCompiler.VirtualPath = "/localhost_55978"
		Debug.AspNetCompiler.PhysicalPath = "Client\"
		Debug.AspNetCompiler.TargetPath = "PrecompiledWeb\localhost_55978\"
		Debug.AspNetCompiler.Updateable = "true"
		Debug.AspNetCompiler.ForceOverwrite = "true"
		Debug.AspNetCompiler.FixedNames = "false"
		Debug.AspNetCompiler.Debug = "True"
		Release.AspNetCompiler.VirtualPath = "/localhost_55978"
		Release.AspNetCompiler.PhysicalPath = "Client\"
		Release.AspNetCompiler.TargetPath = "PrecompiledWeb\localhost_55978\"
		Release.AspNetCompiler.Updateable = "true"
		Release.AspNetCompiler.ForceOverwrite = "true"
		Release.AspNetCompiler.FixedNames = "false"
		Release.AspNetCompiler.Debug = "False"
		VWDPort = "55978"
	EndProjectSection
EndProject
Global
	GlobalSection(SolutionConfigurationPlatforms) = preSolution
		Debug|Any CPU = Debug|Any CPU
		Release|Any CPU = Release|Any CPU
	EndGlobalSection
	GlobalSection(ProjectConfigurationPlatforms) = postSolution
		{78A09C55-19C8-4B5E-A369-346E42212E8A}.Debug|Any CPU.ActiveCfg = Debug|Any CPU
		{78A09C55-19C8-4B5E-A369-346E42212E8A}.Debug|Any CPU.Build.0 = Debug|Any CPU
		{78A09C55-19C8-4B5E-A369-346E42212E8A}.Release|Any CPU.ActiveCfg = Release|Any CPU
		{78A09C55-19C8-4B5E-A369-346E42212E8A}.Release|Any CPU.Build.0 = Release|Any CPU
		{62F5E8AA-EC5B-4963-A442-C8699D05C941}.Debug|Any CPU.ActiveCfg = Debug|Any CPU
		{62F5E8AA-EC5B-4963-A442-C8699D05C941}.Debug|Any CPU.Build.0 = Debug|Any CPU
		{62F5E8AA-EC5B-4963-A442-C8699D05C941}.Release|Any CPU.ActiveCfg = Debug|Any CPU
		{62F5E8AA-EC5B-4963-A442-C8699D05C941}.Release|Any CPU.Build.0 = Debug|Any CPU
	EndGlobalSection
	GlobalSection(SolutionProperties) = preSolution
		HideSolutionNode = FALSE
	EndGlobalSection
	GlobalSection(ExtensibilityGlobals) = postSolution
		SolutionGuid = {D450089C-A4B9-47A6-9A44-64BCE294114B}
	EndGlobalSection
EndGlobal
